
Microsoft Visual Studio Solution File, Format Version 12.00
Project("{FAE04EC0-301F-11D3-BF4B-00C04F79EFBC}") = "CentralPackageManagementMigrator", "src\CentralPackageManagementMigrator\CentralPackageManagementMigrator.csproj", "{B6310A5A-D277-4486-994A-A0808ED84790}"
EndProject
Project("{FAE04EC0-301F-11D3-BF4B-00C04F79EFBC}") = "CentralPackageManagementMigrator.Tests", "tests\CentralPackageManagementMigrator.Tests\CentralPackageManagementMigrator.Tests.csproj", "{27E67155-78C3-47D5-96BE-0699FC772363}"
EndProject
Global
	GlobalSection(SolutionConfigurationPlatforms) = preSolution
		Debug|Any CPU = Debug|Any CPU
		Release|Any CPU = Release|Any CPU
	EndGlobalSection
	GlobalSection(ProjectConfigurationPlatforms) = postSolution
		{B6310A5A-D277-4486-994A-A0808ED84790}.Debug|Any CPU.ActiveCfg = Debug|Any CPU
		{B6310A5A-D277-4486-994A-A0808ED84790}.Debug|Any CPU.Build.0 = Debug|Any CPU
		{B6310A5A-D277-4486-994A-A0808ED84790}.Release|Any CPU.ActiveCfg = Release|Any CPU
		{B6310A5A-D277-4486-994A-A0808ED84790}.Release|Any CPU.Build.0 = Release|Any CPU
		{27E67155-78C3-47D5-96BE-0699FC772363}.Debug|Any CPU.ActiveCfg = Debug|Any CPU
		{27E67155-78C3-47D5-96BE-0699FC772363}.Debug|Any CPU.Build.0 = Debug|Any CPU
		{27E67155-78C3-47D5-96BE-0699FC772363}.Release|Any CPU.ActiveCfg = Release|Any CPU
		{27E67155-78C3-47D5-96BE-0699FC772363}.Release|Any CPU.Build.0 = Release|Any CPU
	EndGlobalSection
EndGlobal
